// !$*UTF8*$!
{
	archiveVersion = 1;
	classes = {
	};
	objectVersion = 50;
	objects = {

/* Begin PBXBuildFile section */
		0B0C21EE2328CF9A008655F8 /* LoginViewController.swift in Sources */ = {isa = PBXBuildFile; fileRef = 0B0C21ED2328CF9A008655F8 /* LoginViewController.swift */; };
		0B0C21F02328DB7C008655F8 /* ProfileViewController.swift in Sources */ = {isa = PBXBuildFile; fileRef = 0B0C21EF2328DB7C008655F8 /* ProfileViewController.swift */; };
		0B0C21F22329011A008655F8 /* GoogleService-Info.plist in Resources */ = {isa = PBXBuildFile; fileRef = 0B0C21F12329011A008655F8 /* GoogleService-Info.plist */; };
		0B18EE45232A3EB600A16A1C /* BrowseProductsViewController.swift in Sources */ = {isa = PBXBuildFile; fileRef = 0B18EE44232A3EB600A16A1C /* BrowseProductsViewController.swift */; };
		0B18EE47232A3EF500A16A1C /* Buttons.swift in Sources */ = {isa = PBXBuildFile; fileRef = 0B18EE46232A3EF500A16A1C /* Buttons.swift */; };
		0B18EE49232A3F2100A16A1C /* CheckoutRowView.swift in Sources */ = {isa = PBXBuildFile; fileRef = 0B18EE48232A3F2100A16A1C /* CheckoutRowView.swift */; };
		0B18EE4B232A3F4900A16A1C /* CheckoutViewController.swift in Sources */ = {isa = PBXBuildFile; fileRef = 0B18EE4A232A3F4900A16A1C /* CheckoutViewController.swift */; };
		0B18EE4F232A400700A16A1C /* SettingsViewController.swift in Sources */ = {isa = PBXBuildFile; fileRef = 0B18EE4E232A400700A16A1C /* SettingsViewController.swift */; };
		0B18EE50232A5BDC00A16A1C /* MyAPIClient.swift in Sources */ = {isa = PBXBuildFile; fileRef = 0B18EE4C232A3F9F00A16A1C /* MyAPIClient.swift */; };
		0B821D682330B64900B5F149 /* StripeCharge.swift in Sources */ = {isa = PBXBuildFile; fileRef = 0B821D672330B64900B5F149 /* StripeCharge.swift */; };
		0B821D6A2330B6DF00B5F149 /* PaymentType.swift in Sources */ = {isa = PBXBuildFile; fileRef = 0B821D692330B6DF00B5F149 /* PaymentType.swift */; };
		0B821D6C2330B81800B5F149 /* MagnanimoFirebaseClient.swift in Sources */ = {isa = PBXBuildFile; fileRef = 0B821D6B2330B81800B5F149 /* MagnanimoFirebaseClient.swift */; };
		0B821D6E2330C97400B5F149 /* Functions.swift in Sources */ = {isa = PBXBuildFile; fileRef = 0B821D6D2330C97400B5F149 /* Functions.swift */; };
		0B821D722330D87900B5F149 /* MagnanimoChargeTableView.swift in Sources */ = {isa = PBXBuildFile; fileRef = 0B821D712330D87900B5F149 /* MagnanimoChargeTableView.swift */; };
		0B97BCEF232C09A800CA2D9F /* MagnanimoLabel.swift in Sources */ = {isa = PBXBuildFile; fileRef = 0B97BCEE232C09A800CA2D9F /* MagnanimoLabel.swift */; };
		0B97BCF1232F48D400CA2D9F /* Constants.swift in Sources */ = {isa = PBXBuildFile; fileRef = 0B97BCF0232F48D400CA2D9F /* Constants.swift */; };
		0B97BCF3232F55E300CA2D9F /* MagnanimoButton.swift in Sources */ = {isa = PBXBuildFile; fileRef = 0B97BCF2232F55E300CA2D9F /* MagnanimoButton.swift */; };
		0B97BCF5232F75C500CA2D9F /* StringProtocol.swift in Sources */ = {isa = PBXBuildFile; fileRef = 0B97BCF4232F75C500CA2D9F /* StringProtocol.swift */; };
		0B97BCF7232F960B00CA2D9F /* OneTimePaymentViewController.swift in Sources */ = {isa = PBXBuildFile; fileRef = 0B97BCF6232F960B00CA2D9F /* OneTimePaymentViewController.swift */; };
		0B97BCFB232F9C8E00CA2D9F /* MagnanimoCurrencyField.swift in Sources */ = {isa = PBXBuildFile; fileRef = 0B97BCFA232F9C8E00CA2D9F /* MagnanimoCurrencyField.swift */; };
		0B97BCFE232F9F3500CA2D9F /* UIFont+Magnanimo.swift in Sources */ = {isa = PBXBuildFile; fileRef = 0B97BCFD232F9F3500CA2D9F /* UIFont+Magnanimo.swift */; };
		0B97BD00232F9FCF00CA2D9F /* UIColor+Magnanimo.swift in Sources */ = {isa = PBXBuildFile; fileRef = 0B97BCFF232F9FCF00CA2D9F /* UIColor+Magnanimo.swift */; };
		0B97BD02232FA20800CA2D9F /* UIViewController.swift in Sources */ = {isa = PBXBuildFile; fileRef = 0B97BD01232FA20800CA2D9F /* UIViewController.swift */; };
		0BCF956D232B863C00F308B8 /* MagnanimoTag.swift in Sources */ = {isa = PBXBuildFile; fileRef = 0BCF956C232B863C00F308B8 /* MagnanimoTag.swift */; };
		0BCF956F232B8E8B00F308B8 /* OrganizationViewController.swift in Sources */ = {isa = PBXBuildFile; fileRef = 0BCF956E232B8E8B00F308B8 /* OrganizationViewController.swift */; };
		0BD316762329383500ACC5A9 /* UIColor+Hex.swift in Sources */ = {isa = PBXBuildFile; fileRef = 0BD316752329383500ACC5A9 /* UIColor+Hex.swift */; };
		0BD316782329393500ACC5A9 /* UIColor+Blueprint.swift in Sources */ = {isa = PBXBuildFile; fileRef = 0BD316772329393500ACC5A9 /* UIColor+Blueprint.swift */; };
		0BD3167B232966DC00ACC5A9 /* Organization.swift in Sources */ = {isa = PBXBuildFile; fileRef = 0BD3167A232966DC00ACC5A9 /* Organization.swift */; };
		0BD3167D2329679F00ACC5A9 /* Category.swift in Sources */ = {isa = PBXBuildFile; fileRef = 0BD3167C2329679F00ACC5A9 /* Category.swift */; };
		0BF187E9232894DD005E60B6 /* AppDelegate.swift in Sources */ = {isa = PBXBuildFile; fileRef = 0BF187E8232894DD005E60B6 /* AppDelegate.swift */; };
		0BF187EB232894DD005E60B6 /* HomeViewController.swift in Sources */ = {isa = PBXBuildFile; fileRef = 0BF187EA232894DD005E60B6 /* HomeViewController.swift */; };
		0BF187ED232894DD005E60B6 /* SearchViewController.swift in Sources */ = {isa = PBXBuildFile; fileRef = 0BF187EC232894DD005E60B6 /* SearchViewController.swift */; };
		0BF187F0232894DD005E60B6 /* Main.storyboard in Resources */ = {isa = PBXBuildFile; fileRef = 0BF187EE232894DD005E60B6 /* Main.storyboard */; };
		0BF187F2232894DE005E60B6 /* Assets.xcassets in Resources */ = {isa = PBXBuildFile; fileRef = 0BF187F1232894DE005E60B6 /* Assets.xcassets */; };
		0BF187F5232894DE005E60B6 /* LaunchScreen.storyboard in Resources */ = {isa = PBXBuildFile; fileRef = 0BF187F3232894DE005E60B6 /* LaunchScreen.storyboard */; };
		0BF18800232894DE005E60B6 /* magnanimoTests.swift in Sources */ = {isa = PBXBuildFile; fileRef = 0BF187FF232894DE005E60B6 /* magnanimoTests.swift */; };
		0BF1880B232894DF005E60B6 /* magnanimoUITests.swift in Sources */ = {isa = PBXBuildFile; fileRef = 0BF1880A232894DF005E60B6 /* magnanimoUITests.swift */; };
		0BF33AB4232A5E5B00190F15 /* EmojiCell.swift in Sources */ = {isa = PBXBuildFile; fileRef = 0BF33AB3232A5E5B00190F15 /* EmojiCell.swift */; };
		0BF33AB6232A5E8000190F15 /* EmojiCheckoutCell.swift in Sources */ = {isa = PBXBuildFile; fileRef = 0BF33AB5232A5E8000190F15 /* EmojiCheckoutCell.swift */; };
		0BF33AB8232A5EB300190F15 /* PaymentContextFooterView.swift in Sources */ = {isa = PBXBuildFile; fileRef = 0BF33AB7232A5EB300190F15 /* PaymentContextFooterView.swift */; };
		0BF33ABA232A5F0E00190F15 /* UIColor+Stripe.swift in Sources */ = {isa = PBXBuildFile; fileRef = 0BF33AB9232A5F0E00190F15 /* UIColor+Stripe.swift */; };
		2B9CF8BE0C3B466D10CB9C91 /* Pods_magnanimoTests.framework in Frameworks */ = {isa = PBXBuildFile; fileRef = 925B2DACA4BF7233FFBBFD7C /* Pods_magnanimoTests.framework */; };
		8C98FA25766CD56B52EEEEC2 /* Pods_magnanimo.framework in Frameworks */ = {isa = PBXBuildFile; fileRef = C888666054C1BD11F707896B /* Pods_magnanimo.framework */; };
		C10B2F612C284E0D3665E31F /* Pods_magnanimoUITests.framework in Frameworks */ = {isa = PBXBuildFile; fileRef = A670566025C67CC6481E24F8 /* Pods_magnanimoUITests.framework */; };
/* End PBXBuildFile section */

/* Begin PBXContainerItemProxy section */
		0BF187FC232894DE005E60B6 /* PBXContainerItemProxy */ = {
			isa = PBXContainerItemProxy;
			containerPortal = 0BF187DD232894DD005E60B6 /* Project object */;
			proxyType = 1;
			remoteGlobalIDString = 0BF187E4232894DD005E60B6;
			remoteInfo = magnanimo;
		};
		0BF18807232894DE005E60B6 /* PBXContainerItemProxy */ = {
			isa = PBXContainerItemProxy;
			containerPortal = 0BF187DD232894DD005E60B6 /* Project object */;
			proxyType = 1;
			remoteGlobalIDString = 0BF187E4232894DD005E60B6;
			remoteInfo = magnanimo;
		};
/* End PBXContainerItemProxy section */

/* Begin PBXFileReference section */
		08604FD3EEF787538BA6FCAA /* Pods-magnanimoUITests.debug.xcconfig */ = {isa = PBXFileReference; includeInIndex = 1; lastKnownFileType = text.xcconfig; name = "Pods-magnanimoUITests.debug.xcconfig"; path = "Pods/Target Support Files/Pods-magnanimoUITests/Pods-magnanimoUITests.debug.xcconfig"; sourceTree = "<group>"; };
		0B0C21ED2328CF9A008655F8 /* LoginViewController.swift */ = {isa = PBXFileReference; lastKnownFileType = sourcecode.swift; path = LoginViewController.swift; sourceTree = "<group>"; };
		0B0C21EF2328DB7C008655F8 /* ProfileViewController.swift */ = {isa = PBXFileReference; lastKnownFileType = sourcecode.swift; path = ProfileViewController.swift; sourceTree = "<group>"; };
		0B0C21F12329011A008655F8 /* GoogleService-Info.plist */ = {isa = PBXFileReference; fileEncoding = 4; lastKnownFileType = text.plist.xml; path = "GoogleService-Info.plist"; sourceTree = "<group>"; };
		0B18EE42232A2AB000A16A1C /* magnanimo.entitlements */ = {isa = PBXFileReference; lastKnownFileType = text.plist.entitlements; path = magnanimo.entitlements; sourceTree = "<group>"; };
		0B18EE44232A3EB600A16A1C /* BrowseProductsViewController.swift */ = {isa = PBXFileReference; lastKnownFileType = sourcecode.swift; path = BrowseProductsViewController.swift; sourceTree = "<group>"; };
		0B18EE46232A3EF500A16A1C /* Buttons.swift */ = {isa = PBXFileReference; lastKnownFileType = sourcecode.swift; path = Buttons.swift; sourceTree = "<group>"; };
		0B18EE48232A3F2100A16A1C /* CheckoutRowView.swift */ = {isa = PBXFileReference; lastKnownFileType = sourcecode.swift; path = CheckoutRowView.swift; sourceTree = "<group>"; };
		0B18EE4A232A3F4900A16A1C /* CheckoutViewController.swift */ = {isa = PBXFileReference; lastKnownFileType = sourcecode.swift; path = CheckoutViewController.swift; sourceTree = "<group>"; };
		0B18EE4C232A3F9F00A16A1C /* MyAPIClient.swift */ = {isa = PBXFileReference; lastKnownFileType = sourcecode.swift; path = MyAPIClient.swift; sourceTree = "<group>"; };
		0B18EE4E232A400700A16A1C /* SettingsViewController.swift */ = {isa = PBXFileReference; lastKnownFileType = sourcecode.swift; path = SettingsViewController.swift; sourceTree = "<group>"; };
		0B821D672330B64900B5F149 /* StripeCharge.swift */ = {isa = PBXFileReference; lastKnownFileType = sourcecode.swift; path = StripeCharge.swift; sourceTree = "<group>"; };
		0B821D692330B6DF00B5F149 /* PaymentType.swift */ = {isa = PBXFileReference; lastKnownFileType = sourcecode.swift; path = PaymentType.swift; sourceTree = "<group>"; };
		0B821D6B2330B81800B5F149 /* MagnanimoFirebaseClient.swift */ = {isa = PBXFileReference; lastKnownFileType = sourcecode.swift; path = MagnanimoFirebaseClient.swift; sourceTree = "<group>"; };
		0B821D6D2330C97400B5F149 /* Functions.swift */ = {isa = PBXFileReference; lastKnownFileType = sourcecode.swift; path = Functions.swift; sourceTree = "<group>"; };
		0B821D712330D87900B5F149 /* MagnanimoChargeTableView.swift */ = {isa = PBXFileReference; lastKnownFileType = sourcecode.swift; path = MagnanimoChargeTableView.swift; sourceTree = "<group>"; };
		0B97BCEE232C09A800CA2D9F /* MagnanimoLabel.swift */ = {isa = PBXFileReference; lastKnownFileType = sourcecode.swift; path = MagnanimoLabel.swift; sourceTree = "<group>"; };
		0B97BCF0232F48D400CA2D9F /* Constants.swift */ = {isa = PBXFileReference; lastKnownFileType = sourcecode.swift; path = Constants.swift; sourceTree = "<group>"; };
		0B97BCF2232F55E300CA2D9F /* MagnanimoButton.swift */ = {isa = PBXFileReference; lastKnownFileType = sourcecode.swift; path = MagnanimoButton.swift; sourceTree = "<group>"; };
		0B97BCF4232F75C500CA2D9F /* StringProtocol.swift */ = {isa = PBXFileReference; lastKnownFileType = sourcecode.swift; path = StringProtocol.swift; sourceTree = "<group>"; };
		0B97BCF6232F960B00CA2D9F /* OneTimePaymentViewController.swift */ = {isa = PBXFileReference; lastKnownFileType = sourcecode.swift; path = OneTimePaymentViewController.swift; sourceTree = "<group>"; };
		0B97BCFA232F9C8E00CA2D9F /* MagnanimoCurrencyField.swift */ = {isa = PBXFileReference; lastKnownFileType = sourcecode.swift; path = MagnanimoCurrencyField.swift; sourceTree = "<group>"; };
		0B97BCFD232F9F3500CA2D9F /* UIFont+Magnanimo.swift */ = {isa = PBXFileReference; lastKnownFileType = sourcecode.swift; path = "UIFont+Magnanimo.swift"; sourceTree = "<group>"; };
		0B97BCFF232F9FCF00CA2D9F /* UIColor+Magnanimo.swift */ = {isa = PBXFileReference; lastKnownFileType = sourcecode.swift; path = "UIColor+Magnanimo.swift"; sourceTree = "<group>"; };
		0B97BD01232FA20800CA2D9F /* UIViewController.swift */ = {isa = PBXFileReference; lastKnownFileType = sourcecode.swift; path = UIViewController.swift; sourceTree = "<group>"; };
		0BCF956C232B863C00F308B8 /* MagnanimoTag.swift */ = {isa = PBXFileReference; lastKnownFileType = sourcecode.swift; path = MagnanimoTag.swift; sourceTree = "<group>"; };
		0BCF956E232B8E8B00F308B8 /* OrganizationViewController.swift */ = {isa = PBXFileReference; lastKnownFileType = sourcecode.swift; path = OrganizationViewController.swift; sourceTree = "<group>"; };
		0BD316752329383500ACC5A9 /* UIColor+Hex.swift */ = {isa = PBXFileReference; lastKnownFileType = sourcecode.swift; path = "UIColor+Hex.swift"; sourceTree = "<group>"; };
		0BD316772329393500ACC5A9 /* UIColor+Blueprint.swift */ = {isa = PBXFileReference; lastKnownFileType = sourcecode.swift; path = "UIColor+Blueprint.swift"; sourceTree = "<group>"; };
		0BD3167A232966DC00ACC5A9 /* Organization.swift */ = {isa = PBXFileReference; lastKnownFileType = sourcecode.swift; path = Organization.swift; sourceTree = "<group>"; };
		0BD3167C2329679F00ACC5A9 /* Category.swift */ = {isa = PBXFileReference; lastKnownFileType = sourcecode.swift; path = Category.swift; sourceTree = "<group>"; };
		0BF187E5232894DD005E60B6 /* magnanimo.app */ = {isa = PBXFileReference; explicitFileType = wrapper.application; includeInIndex = 0; path = magnanimo.app; sourceTree = BUILT_PRODUCTS_DIR; };
		0BF187E8232894DD005E60B6 /* AppDelegate.swift */ = {isa = PBXFileReference; lastKnownFileType = sourcecode.swift; path = AppDelegate.swift; sourceTree = "<group>"; };
		0BF187EA232894DD005E60B6 /* HomeViewController.swift */ = {isa = PBXFileReference; lastKnownFileType = sourcecode.swift; path = HomeViewController.swift; sourceTree = "<group>"; };
		0BF187EC232894DD005E60B6 /* SearchViewController.swift */ = {isa = PBXFileReference; lastKnownFileType = sourcecode.swift; path = SearchViewController.swift; sourceTree = "<group>"; };
		0BF187EF232894DD005E60B6 /* Base */ = {isa = PBXFileReference; lastKnownFileType = file.storyboard; name = Base; path = Base.lproj/Main.storyboard; sourceTree = "<group>"; };
		0BF187F1232894DE005E60B6 /* Assets.xcassets */ = {isa = PBXFileReference; lastKnownFileType = folder.assetcatalog; path = Assets.xcassets; sourceTree = "<group>"; };
		0BF187F4232894DE005E60B6 /* Base */ = {isa = PBXFileReference; lastKnownFileType = file.storyboard; name = Base; path = Base.lproj/LaunchScreen.storyboard; sourceTree = "<group>"; };
		0BF187F6232894DE005E60B6 /* Info.plist */ = {isa = PBXFileReference; lastKnownFileType = text.plist.xml; path = Info.plist; sourceTree = "<group>"; };
		0BF187FB232894DE005E60B6 /* magnanimoTests.xctest */ = {isa = PBXFileReference; explicitFileType = wrapper.cfbundle; includeInIndex = 0; path = magnanimoTests.xctest; sourceTree = BUILT_PRODUCTS_DIR; };
		0BF187FF232894DE005E60B6 /* magnanimoTests.swift */ = {isa = PBXFileReference; lastKnownFileType = sourcecode.swift; path = magnanimoTests.swift; sourceTree = "<group>"; };
		0BF18801232894DE005E60B6 /* Info.plist */ = {isa = PBXFileReference; lastKnownFileType = text.plist.xml; path = Info.plist; sourceTree = "<group>"; };
		0BF18806232894DE005E60B6 /* magnanimoUITests.xctest */ = {isa = PBXFileReference; explicitFileType = wrapper.cfbundle; includeInIndex = 0; path = magnanimoUITests.xctest; sourceTree = BUILT_PRODUCTS_DIR; };
		0BF1880A232894DF005E60B6 /* magnanimoUITests.swift */ = {isa = PBXFileReference; lastKnownFileType = sourcecode.swift; path = magnanimoUITests.swift; sourceTree = "<group>"; };
		0BF1880C232894DF005E60B6 /* Info.plist */ = {isa = PBXFileReference; lastKnownFileType = text.plist.xml; path = Info.plist; sourceTree = "<group>"; };
		0BF33AB3232A5E5B00190F15 /* EmojiCell.swift */ = {isa = PBXFileReference; lastKnownFileType = sourcecode.swift; path = EmojiCell.swift; sourceTree = "<group>"; };
		0BF33AB5232A5E8000190F15 /* EmojiCheckoutCell.swift */ = {isa = PBXFileReference; lastKnownFileType = sourcecode.swift; path = EmojiCheckoutCell.swift; sourceTree = "<group>"; };
		0BF33AB7232A5EB300190F15 /* PaymentContextFooterView.swift */ = {isa = PBXFileReference; lastKnownFileType = sourcecode.swift; path = PaymentContextFooterView.swift; sourceTree = "<group>"; };
		0BF33AB9232A5F0E00190F15 /* UIColor+Stripe.swift */ = {isa = PBXFileReference; lastKnownFileType = sourcecode.swift; path = "UIColor+Stripe.swift"; sourceTree = "<group>"; };
		6952B5939E3D103332A4DFDD /* Pods-magnanimo.debug.xcconfig */ = {isa = PBXFileReference; includeInIndex = 1; lastKnownFileType = text.xcconfig; name = "Pods-magnanimo.debug.xcconfig"; path = "Pods/Target Support Files/Pods-magnanimo/Pods-magnanimo.debug.xcconfig"; sourceTree = "<group>"; };
		8B18BA8933A829F42AEF4007 /* Pods-magnanimoTests.release.xcconfig */ = {isa = PBXFileReference; includeInIndex = 1; lastKnownFileType = text.xcconfig; name = "Pods-magnanimoTests.release.xcconfig"; path = "Pods/Target Support Files/Pods-magnanimoTests/Pods-magnanimoTests.release.xcconfig"; sourceTree = "<group>"; };
		925B2DACA4BF7233FFBBFD7C /* Pods_magnanimoTests.framework */ = {isa = PBXFileReference; explicitFileType = wrapper.framework; includeInIndex = 0; path = Pods_magnanimoTests.framework; sourceTree = BUILT_PRODUCTS_DIR; };
		A670566025C67CC6481E24F8 /* Pods_magnanimoUITests.framework */ = {isa = PBXFileReference; explicitFileType = wrapper.framework; includeInIndex = 0; path = Pods_magnanimoUITests.framework; sourceTree = BUILT_PRODUCTS_DIR; };
		A88ADFE7FA16DA95441847F9 /* Pods-magnanimo.release.xcconfig */ = {isa = PBXFileReference; includeInIndex = 1; lastKnownFileType = text.xcconfig; name = "Pods-magnanimo.release.xcconfig"; path = "Pods/Target Support Files/Pods-magnanimo/Pods-magnanimo.release.xcconfig"; sourceTree = "<group>"; };
		C264246496CF95EF5C52B642 /* Pods-magnanimoTests.debug.xcconfig */ = {isa = PBXFileReference; includeInIndex = 1; lastKnownFileType = text.xcconfig; name = "Pods-magnanimoTests.debug.xcconfig"; path = "Pods/Target Support Files/Pods-magnanimoTests/Pods-magnanimoTests.debug.xcconfig"; sourceTree = "<group>"; };
		C888666054C1BD11F707896B /* Pods_magnanimo.framework */ = {isa = PBXFileReference; explicitFileType = wrapper.framework; includeInIndex = 0; path = Pods_magnanimo.framework; sourceTree = BUILT_PRODUCTS_DIR; };
		D8010229CB1D030F598B7282 /* Pods-magnanimoUITests.release.xcconfig */ = {isa = PBXFileReference; includeInIndex = 1; lastKnownFileType = text.xcconfig; name = "Pods-magnanimoUITests.release.xcconfig"; path = "Pods/Target Support Files/Pods-magnanimoUITests/Pods-magnanimoUITests.release.xcconfig"; sourceTree = "<group>"; };
/* End PBXFileReference section */

/* Begin PBXFrameworksBuildPhase section */
		0BF187E2232894DD005E60B6 /* Frameworks */ = {
			isa = PBXFrameworksBuildPhase;
			buildActionMask = 2147483647;
			files = (
				8C98FA25766CD56B52EEEEC2 /* Pods_magnanimo.framework in Frameworks */,
			);
			runOnlyForDeploymentPostprocessing = 0;
		};
		0BF187F8232894DE005E60B6 /* Frameworks */ = {
			isa = PBXFrameworksBuildPhase;
			buildActionMask = 2147483647;
			files = (
				2B9CF8BE0C3B466D10CB9C91 /* Pods_magnanimoTests.framework in Frameworks */,
			);
			runOnlyForDeploymentPostprocessing = 0;
		};
		0BF18803232894DE005E60B6 /* Frameworks */ = {
			isa = PBXFrameworksBuildPhase;
			buildActionMask = 2147483647;
			files = (
				C10B2F612C284E0D3665E31F /* Pods_magnanimoUITests.framework in Frameworks */,
			);
			runOnlyForDeploymentPostprocessing = 0;
		};
/* End PBXFrameworksBuildPhase section */

/* Begin PBXGroup section */
		0B18EE43232A3E9E00A16A1C /* Stripe */ = {
			isa = PBXGroup;
			children = (
				0B18EE44232A3EB600A16A1C /* BrowseProductsViewController.swift */,
				0B18EE46232A3EF500A16A1C /* Buttons.swift */,
				0B18EE48232A3F2100A16A1C /* CheckoutRowView.swift */,
				0B18EE4A232A3F4900A16A1C /* CheckoutViewController.swift */,
				0B18EE4C232A3F9F00A16A1C /* MyAPIClient.swift */,
				0B18EE4E232A400700A16A1C /* SettingsViewController.swift */,
				0BF33AB3232A5E5B00190F15 /* EmojiCell.swift */,
				0BF33AB5232A5E8000190F15 /* EmojiCheckoutCell.swift */,
				0BF33AB7232A5EB300190F15 /* PaymentContextFooterView.swift */,
			);
			path = Stripe;
			sourceTree = "<group>";
		};
		0B97BCFC232F9F2900CA2D9F /* Fonts */ = {
			isa = PBXGroup;
			children = (
				0B97BCFD232F9F3500CA2D9F /* UIFont+Magnanimo.swift */,
			);
			path = Fonts;
			sourceTree = "<group>";
		};
		0BCF956B232B862900F308B8 /* Util */ = {
			isa = PBXGroup;
			children = (
				0BCF956C232B863C00F308B8 /* MagnanimoTag.swift */,
				0B97BCEE232C09A800CA2D9F /* MagnanimoLabel.swift */,
				0B97BCF0232F48D400CA2D9F /* Constants.swift */,
				0B97BCF2232F55E300CA2D9F /* MagnanimoButton.swift */,
				0B97BCF4232F75C500CA2D9F /* StringProtocol.swift */,
				0B97BCFA232F9C8E00CA2D9F /* MagnanimoCurrencyField.swift */,
				0B97BD01232FA20800CA2D9F /* UIViewController.swift */,
				0B821D692330B6DF00B5F149 /* PaymentType.swift */,
				0B821D6D2330C97400B5F149 /* Functions.swift */,
				0B821D712330D87900B5F149 /* MagnanimoChargeTableView.swift */,
			);
			path = Util;
			sourceTree = "<group>";
		};
		0BD31679232966CE00ACC5A9 /* Model */ = {
			isa = PBXGroup;
			children = (
				0BD3167A232966DC00ACC5A9 /* Organization.swift */,
				0BD3167C2329679F00ACC5A9 /* Category.swift */,
				0B821D672330B64900B5F149 /* StripeCharge.swift */,
			);
			path = Model;
			sourceTree = "<group>";
		};
		0BE0E857232C0862007E9344 /* Colors */ = {
			isa = PBXGroup;
			children = (
				0BD316752329383500ACC5A9 /* UIColor+Hex.swift */,
				0BD316772329393500ACC5A9 /* UIColor+Blueprint.swift */,
				0BF33AB9232A5F0E00190F15 /* UIColor+Stripe.swift */,
				0B97BCFF232F9FCF00CA2D9F /* UIColor+Magnanimo.swift */,
			);
			path = Colors;
			sourceTree = "<group>";
		};
		0BF187DC232894DD005E60B6 = {
			isa = PBXGroup;
			children = (
				0BF187E7232894DD005E60B6 /* magnanimo */,
				0BF187FE232894DE005E60B6 /* magnanimoTests */,
				0BF18809232894DF005E60B6 /* magnanimoUITests */,
				0BF187E6232894DD005E60B6 /* Products */,
				3A2EA8AEC537ED763C4CFE24 /* Pods */,
				D87A855D46896CFB60BF2935 /* Frameworks */,
			);
			sourceTree = "<group>";
		};
		0BF187E6232894DD005E60B6 /* Products */ = {
			isa = PBXGroup;
			children = (
				0BF187E5232894DD005E60B6 /* magnanimo.app */,
				0BF187FB232894DE005E60B6 /* magnanimoTests.xctest */,
				0BF18806232894DE005E60B6 /* magnanimoUITests.xctest */,
			);
			name = Products;
			sourceTree = "<group>";
		};
		0BF187E7232894DD005E60B6 /* magnanimo */ = {
			isa = PBXGroup;
			children = (
				0B97BCFC232F9F2900CA2D9F /* Fonts */,
				0BE0E857232C0862007E9344 /* Colors */,
				0BCF956B232B862900F308B8 /* Util */,
				0B18EE43232A3E9E00A16A1C /* Stripe */,
				0B18EE42232A2AB000A16A1C /* magnanimo.entitlements */,
				0BD31679232966CE00ACC5A9 /* Model */,
				0BF187E8232894DD005E60B6 /* AppDelegate.swift */,
				0BF187EA232894DD005E60B6 /* HomeViewController.swift */,
				0BF187EC232894DD005E60B6 /* SearchViewController.swift */,
				0BF187EE232894DD005E60B6 /* Main.storyboard */,
				0BF187F1232894DE005E60B6 /* Assets.xcassets */,
				0BF187F3232894DE005E60B6 /* LaunchScreen.storyboard */,
				0BF187F6232894DE005E60B6 /* Info.plist */,
				0B0C21ED2328CF9A008655F8 /* LoginViewController.swift */,
				0B0C21EF2328DB7C008655F8 /* ProfileViewController.swift */,
				0B0C21F12329011A008655F8 /* GoogleService-Info.plist */,
				0BCF956E232B8E8B00F308B8 /* OrganizationViewController.swift */,
				0B97BCF6232F960B00CA2D9F /* OneTimePaymentViewController.swift */,
				0B821D6B2330B81800B5F149 /* MagnanimoFirebaseClient.swift */,
			);
			path = magnanimo;
			sourceTree = "<group>";
		};
		0BF187FE232894DE005E60B6 /* magnanimoTests */ = {
			isa = PBXGroup;
			children = (
				0BF187FF232894DE005E60B6 /* magnanimoTests.swift */,
				0BF18801232894DE005E60B6 /* Info.plist */,
			);
			path = magnanimoTests;
			sourceTree = "<group>";
		};
		0BF18809232894DF005E60B6 /* magnanimoUITests */ = {
			isa = PBXGroup;
			children = (
				0BF1880A232894DF005E60B6 /* magnanimoUITests.swift */,
				0BF1880C232894DF005E60B6 /* Info.plist */,
			);
			path = magnanimoUITests;
			sourceTree = "<group>";
		};
		3A2EA8AEC537ED763C4CFE24 /* Pods */ = {
			isa = PBXGroup;
			children = (
				6952B5939E3D103332A4DFDD /* Pods-magnanimo.debug.xcconfig */,
				A88ADFE7FA16DA95441847F9 /* Pods-magnanimo.release.xcconfig */,
				C264246496CF95EF5C52B642 /* Pods-magnanimoTests.debug.xcconfig */,
				8B18BA8933A829F42AEF4007 /* Pods-magnanimoTests.release.xcconfig */,
				08604FD3EEF787538BA6FCAA /* Pods-magnanimoUITests.debug.xcconfig */,
				D8010229CB1D030F598B7282 /* Pods-magnanimoUITests.release.xcconfig */,
			);
			name = Pods;
			sourceTree = "<group>";
		};
		D87A855D46896CFB60BF2935 /* Frameworks */ = {
			isa = PBXGroup;
			children = (
				C888666054C1BD11F707896B /* Pods_magnanimo.framework */,
				925B2DACA4BF7233FFBBFD7C /* Pods_magnanimoTests.framework */,
				A670566025C67CC6481E24F8 /* Pods_magnanimoUITests.framework */,
			);
			name = Frameworks;
			sourceTree = "<group>";
		};
/* End PBXGroup section */

/* Begin PBXNativeTarget section */
		0BF187E4232894DD005E60B6 /* magnanimo */ = {
			isa = PBXNativeTarget;
			buildConfigurationList = 0BF1880F232894DF005E60B6 /* Build configuration list for PBXNativeTarget "magnanimo" */;
			buildPhases = (
				6766DA5785C15A42F0C1E3ED /* [CP] Check Pods Manifest.lock */,
				0BF187E1232894DD005E60B6 /* Sources */,
				0BF187E2232894DD005E60B6 /* Frameworks */,
				0BF187E3232894DD005E60B6 /* Resources */,
				E1D250B8F84C8C4DC919BA50 /* [CP] Embed Pods Frameworks */,
			);
			buildRules = (
			);
			dependencies = (
			);
			name = magnanimo;
			productName = magnanimo;
			productReference = 0BF187E5232894DD005E60B6 /* magnanimo.app */;
			productType = "com.apple.product-type.application";
		};
		0BF187FA232894DE005E60B6 /* magnanimoTests */ = {
			isa = PBXNativeTarget;
			buildConfigurationList = 0BF18812232894DF005E60B6 /* Build configuration list for PBXNativeTarget "magnanimoTests" */;
			buildPhases = (
				910562C9042A96A7DD2A0660 /* [CP] Check Pods Manifest.lock */,
				0BF187F7232894DE005E60B6 /* Sources */,
				0BF187F8232894DE005E60B6 /* Frameworks */,
				0BF187F9232894DE005E60B6 /* Resources */,
			);
			buildRules = (
			);
			dependencies = (
				0BF187FD232894DE005E60B6 /* PBXTargetDependency */,
			);
			name = magnanimoTests;
			productName = magnanimoTests;
			productReference = 0BF187FB232894DE005E60B6 /* magnanimoTests.xctest */;
			productType = "com.apple.product-type.bundle.unit-test";
		};
		0BF18805232894DE005E60B6 /* magnanimoUITests */ = {
			isa = PBXNativeTarget;
			buildConfigurationList = 0BF18815232894DF005E60B6 /* Build configuration list for PBXNativeTarget "magnanimoUITests" */;
			buildPhases = (
				F1F1D4E830D2E31B8A4949AA /* [CP] Check Pods Manifest.lock */,
				0BF18802232894DE005E60B6 /* Sources */,
				0BF18803232894DE005E60B6 /* Frameworks */,
				0BF18804232894DE005E60B6 /* Resources */,
			);
			buildRules = (
			);
			dependencies = (
				0BF18808232894DE005E60B6 /* PBXTargetDependency */,
			);
			name = magnanimoUITests;
			productName = magnanimoUITests;
			productReference = 0BF18806232894DE005E60B6 /* magnanimoUITests.xctest */;
			productType = "com.apple.product-type.bundle.ui-testing";
		};
/* End PBXNativeTarget section */

/* Begin PBXProject section */
		0BF187DD232894DD005E60B6 /* Project object */ = {
			isa = PBXProject;
			attributes = {
				LastSwiftUpdateCheck = 1010;
				LastUpgradeCheck = 1010;
				ORGANIZATIONNAME = "Aditya Srinivasan";
				TargetAttributes = {
					0BF187E4232894DD005E60B6 = {
						CreatedOnToolsVersion = 10.1;
						SystemCapabilities = {
							com.apple.ApplePay = {
								enabled = 1;
							};
						};
					};
					0BF187FA232894DE005E60B6 = {
						CreatedOnToolsVersion = 10.1;
						TestTargetID = 0BF187E4232894DD005E60B6;
					};
					0BF18805232894DE005E60B6 = {
						CreatedOnToolsVersion = 10.1;
						TestTargetID = 0BF187E4232894DD005E60B6;
					};
				};
			};
			buildConfigurationList = 0BF187E0232894DD005E60B6 /* Build configuration list for PBXProject "magnanimo" */;
			compatibilityVersion = "Xcode 9.3";
			developmentRegion = en;
			hasScannedForEncodings = 0;
			knownRegions = (
				en,
				Base,
			);
			mainGroup = 0BF187DC232894DD005E60B6;
			productRefGroup = 0BF187E6232894DD005E60B6 /* Products */;
			projectDirPath = "";
			projectRoot = "";
			targets = (
				0BF187E4232894DD005E60B6 /* magnanimo */,
				0BF187FA232894DE005E60B6 /* magnanimoTests */,
				0BF18805232894DE005E60B6 /* magnanimoUITests */,
			);
		};
/* End PBXProject section */

/* Begin PBXResourcesBuildPhase section */
		0BF187E3232894DD005E60B6 /* Resources */ = {
			isa = PBXResourcesBuildPhase;
			buildActionMask = 2147483647;
			files = (
				0BF187F5232894DE005E60B6 /* LaunchScreen.storyboard in Resources */,
				0BF187F2232894DE005E60B6 /* Assets.xcassets in Resources */,
				0BF187F0232894DD005E60B6 /* Main.storyboard in Resources */,
				0B0C21F22329011A008655F8 /* GoogleService-Info.plist in Resources */,
			);
			runOnlyForDeploymentPostprocessing = 0;
		};
		0BF187F9232894DE005E60B6 /* Resources */ = {
			isa = PBXResourcesBuildPhase;
			buildActionMask = 2147483647;
			files = (
			);
			runOnlyForDeploymentPostprocessing = 0;
		};
		0BF18804232894DE005E60B6 /* Resources */ = {
			isa = PBXResourcesBuildPhase;
			buildActionMask = 2147483647;
			files = (
			);
			runOnlyForDeploymentPostprocessing = 0;
		};
/* End PBXResourcesBuildPhase section */

/* Begin PBXShellScriptBuildPhase section */
		6766DA5785C15A42F0C1E3ED /* [CP] Check Pods Manifest.lock */ = {
			isa = PBXShellScriptBuildPhase;
			buildActionMask = 2147483647;
			files = (
			);
			inputFileListPaths = (
			);
			inputPaths = (
				"${PODS_PODFILE_DIR_PATH}/Podfile.lock",
				"${PODS_ROOT}/Manifest.lock",
			);
			name = "[CP] Check Pods Manifest.lock";
			outputFileListPaths = (
			);
			outputPaths = (
				"$(DERIVED_FILE_DIR)/Pods-magnanimo-checkManifestLockResult.txt",
			);
			runOnlyForDeploymentPostprocessing = 0;
			shellPath = /bin/sh;
			shellScript = "diff \"${PODS_PODFILE_DIR_PATH}/Podfile.lock\" \"${PODS_ROOT}/Manifest.lock\" > /dev/null\nif [ $? != 0 ] ; then\n    # print error to STDERR\n    echo \"error: The sandbox is not in sync with the Podfile.lock. Run 'pod install' or update your CocoaPods installation.\" >&2\n    exit 1\nfi\n# This output is used by Xcode 'outputs' to avoid re-running this script phase.\necho \"SUCCESS\" > \"${SCRIPT_OUTPUT_FILE_0}\"\n";
			showEnvVarsInLog = 0;
		};
		910562C9042A96A7DD2A0660 /* [CP] Check Pods Manifest.lock */ = {
			isa = PBXShellScriptBuildPhase;
			buildActionMask = 2147483647;
			files = (
			);
			inputFileListPaths = (
			);
			inputPaths = (
				"${PODS_PODFILE_DIR_PATH}/Podfile.lock",
				"${PODS_ROOT}/Manifest.lock",
			);
			name = "[CP] Check Pods Manifest.lock";
			outputFileListPaths = (
			);
			outputPaths = (
				"$(DERIVED_FILE_DIR)/Pods-magnanimoTests-checkManifestLockResult.txt",
			);
			runOnlyForDeploymentPostprocessing = 0;
			shellPath = /bin/sh;
			shellScript = "diff \"${PODS_PODFILE_DIR_PATH}/Podfile.lock\" \"${PODS_ROOT}/Manifest.lock\" > /dev/null\nif [ $? != 0 ] ; then\n    # print error to STDERR\n    echo \"error: The sandbox is not in sync with the Podfile.lock. Run 'pod install' or update your CocoaPods installation.\" >&2\n    exit 1\nfi\n# This output is used by Xcode 'outputs' to avoid re-running this script phase.\necho \"SUCCESS\" > \"${SCRIPT_OUTPUT_FILE_0}\"\n";
			showEnvVarsInLog = 0;
		};
		E1D250B8F84C8C4DC919BA50 /* [CP] Embed Pods Frameworks */ = {
			isa = PBXShellScriptBuildPhase;
			buildActionMask = 2147483647;
			files = (
			);
			inputFileListPaths = (
			);
			inputPaths = (
				"${SRCROOT}/Pods/Target Support Files/Pods-magnanimo/Pods-magnanimo-frameworks.sh",
				"${BUILT_PRODUCTS_DIR}/Bolts/Bolts.framework",
				"${BUILT_PRODUCTS_DIR}/BoringSSL-GRPC/openssl_grpc.framework",
				"${BUILT_PRODUCTS_DIR}/FBSDKCoreKit/FBSDKCoreKit.framework",
				"${BUILT_PRODUCTS_DIR}/FBSDKLoginKit/FBSDKLoginKit.framework",
				"${BUILT_PRODUCTS_DIR}/FacebookCore/FacebookCore.framework",
				"${BUILT_PRODUCTS_DIR}/FacebookLogin/FacebookLogin.framework",
				"${BUILT_PRODUCTS_DIR}/GTMSessionFetcher/GTMSessionFetcher.framework",
				"${BUILT_PRODUCTS_DIR}/GoogleUtilities/GoogleUtilities.framework",
				"${BUILT_PRODUCTS_DIR}/Protobuf/Protobuf.framework",
				"${BUILT_PRODUCTS_DIR}/SkeletonView/SkeletonView.framework",
				"${BUILT_PRODUCTS_DIR}/Stripe/Stripe.framework",
				"${BUILT_PRODUCTS_DIR}/gRPC-C++/grpcpp.framework",
				"${BUILT_PRODUCTS_DIR}/gRPC-Core/grpc.framework",
				"${BUILT_PRODUCTS_DIR}/leveldb-library/leveldb.framework",
				"${BUILT_PRODUCTS_DIR}/nanopb/nanopb.framework",
			);
			name = "[CP] Embed Pods Frameworks";
			outputFileListPaths = (
			);
			outputPaths = (
				"${TARGET_BUILD_DIR}/${FRAMEWORKS_FOLDER_PATH}/Bolts.framework",
				"${TARGET_BUILD_DIR}/${FRAMEWORKS_FOLDER_PATH}/openssl_grpc.framework",
				"${TARGET_BUILD_DIR}/${FRAMEWORKS_FOLDER_PATH}/FBSDKCoreKit.framework",
				"${TARGET_BUILD_DIR}/${FRAMEWORKS_FOLDER_PATH}/FBSDKLoginKit.framework",
				"${TARGET_BUILD_DIR}/${FRAMEWORKS_FOLDER_PATH}/FacebookCore.framework",
				"${TARGET_BUILD_DIR}/${FRAMEWORKS_FOLDER_PATH}/FacebookLogin.framework",
				"${TARGET_BUILD_DIR}/${FRAMEWORKS_FOLDER_PATH}/GTMSessionFetcher.framework",
				"${TARGET_BUILD_DIR}/${FRAMEWORKS_FOLDER_PATH}/GoogleUtilities.framework",
				"${TARGET_BUILD_DIR}/${FRAMEWORKS_FOLDER_PATH}/Protobuf.framework",
				"${TARGET_BUILD_DIR}/${FRAMEWORKS_FOLDER_PATH}/SkeletonView.framework",
				"${TARGET_BUILD_DIR}/${FRAMEWORKS_FOLDER_PATH}/Stripe.framework",
				"${TARGET_BUILD_DIR}/${FRAMEWORKS_FOLDER_PATH}/grpcpp.framework",
				"${TARGET_BUILD_DIR}/${FRAMEWORKS_FOLDER_PATH}/grpc.framework",
				"${TARGET_BUILD_DIR}/${FRAMEWORKS_FOLDER_PATH}/leveldb.framework",
				"${TARGET_BUILD_DIR}/${FRAMEWORKS_FOLDER_PATH}/nanopb.framework",
			);
			runOnlyForDeploymentPostprocessing = 0;
			shellPath = /bin/sh;
			shellScript = "\"${SRCROOT}/Pods/Target Support Files/Pods-magnanimo/Pods-magnanimo-frameworks.sh\"\n";
			showEnvVarsInLog = 0;
		};
		F1F1D4E830D2E31B8A4949AA /* [CP] Check Pods Manifest.lock */ = {
			isa = PBXShellScriptBuildPhase;
			buildActionMask = 2147483647;
			files = (
			);
			inputFileListPaths = (
			);
			inputPaths = (
				"${PODS_PODFILE_DIR_PATH}/Podfile.lock",
				"${PODS_ROOT}/Manifest.lock",
			);
			name = "[CP] Check Pods Manifest.lock";
			outputFileListPaths = (
			);
			outputPaths = (
				"$(DERIVED_FILE_DIR)/Pods-magnanimoUITests-checkManifestLockResult.txt",
			);
			runOnlyForDeploymentPostprocessing = 0;
			shellPath = /bin/sh;
			shellScript = "diff \"${PODS_PODFILE_DIR_PATH}/Podfile.lock\" \"${PODS_ROOT}/Manifest.lock\" > /dev/null\nif [ $? != 0 ] ; then\n    # print error to STDERR\n    echo \"error: The sandbox is not in sync with the Podfile.lock. Run 'pod install' or update your CocoaPods installation.\" >&2\n    exit 1\nfi\n# This output is used by Xcode 'outputs' to avoid re-running this script phase.\necho \"SUCCESS\" > \"${SCRIPT_OUTPUT_FILE_0}\"\n";
			showEnvVarsInLog = 0;
		};
/* End PBXShellScriptBuildPhase section */

/* Begin PBXSourcesBuildPhase section */
		0BF187E1232894DD005E60B6 /* Sources */ = {
			isa = PBXSourcesBuildPhase;
			buildActionMask = 2147483647;
			files = (
				0BD316782329393500ACC5A9 /* UIColor+Blueprint.swift in Sources */,
				0B18EE4B232A3F4900A16A1C /* CheckoutViewController.swift in Sources */,
				0B18EE50232A5BDC00A16A1C /* MyAPIClient.swift in Sources */,
				0B18EE49232A3F2100A16A1C /* CheckoutRowView.swift in Sources */,
				0B97BCF5232F75C500CA2D9F /* StringProtocol.swift in Sources */,
				0BF33AB8232A5EB300190F15 /* PaymentContextFooterView.swift in Sources */,
				0B97BCFB232F9C8E00CA2D9F /* MagnanimoCurrencyField.swift in Sources */,
				0B0C21EE2328CF9A008655F8 /* LoginViewController.swift in Sources */,
				0B97BD00232F9FCF00CA2D9F /* UIColor+Magnanimo.swift in Sources */,
				0B821D722330D87900B5F149 /* MagnanimoChargeTableView.swift in Sources */,
				0B97BCF7232F960B00CA2D9F /* OneTimePaymentViewController.swift in Sources */,
				0B97BCF1232F48D400CA2D9F /* Constants.swift in Sources */,
				0B821D6E2330C97400B5F149 /* Functions.swift in Sources */,
				0B821D682330B64900B5F149 /* StripeCharge.swift in Sources */,
				0B821D6A2330B6DF00B5F149 /* PaymentType.swift in Sources */,
				0BD3167B232966DC00ACC5A9 /* Organization.swift in Sources */,
				0BF33ABA232A5F0E00190F15 /* UIColor+Stripe.swift in Sources */,
				0B18EE47232A3EF500A16A1C /* Buttons.swift in Sources */,
				0B97BD02232FA20800CA2D9F /* UIViewController.swift in Sources */,
				0BCF956D232B863C00F308B8 /* MagnanimoTag.swift in Sources */,
				0B97BCF3232F55E300CA2D9F /* MagnanimoButton.swift in Sources */,
				0BD316762329383500ACC5A9 /* UIColor+Hex.swift in Sources */,
				0B97BCFE232F9F3500CA2D9F /* UIFont+Magnanimo.swift in Sources */,
				0B18EE4F232A400700A16A1C /* SettingsViewController.swift in Sources */,
				0BF33AB6232A5E8000190F15 /* EmojiCheckoutCell.swift in Sources */,
				0BCF956F232B8E8B00F308B8 /* OrganizationViewController.swift in Sources */,
				0B821D6C2330B81800B5F149 /* MagnanimoFirebaseClient.swift in Sources */,
				0B18EE45232A3EB600A16A1C /* BrowseProductsViewController.swift in Sources */,
				0BF187ED232894DD005E60B6 /* SearchViewController.swift in Sources */,
				0B97BCEF232C09A800CA2D9F /* MagnanimoLabel.swift in Sources */,
				0BD3167D2329679F00ACC5A9 /* Category.swift in Sources */,
				0B0C21F02328DB7C008655F8 /* ProfileViewController.swift in Sources */,
				0BF187E9232894DD005E60B6 /* AppDelegate.swift in Sources */,
				0BF33AB4232A5E5B00190F15 /* EmojiCell.swift in Sources */,
				0BF187EB232894DD005E60B6 /* HomeViewController.swift in Sources */,
			);
			runOnlyForDeploymentPostprocessing = 0;
		};
		0BF187F7232894DE005E60B6 /* Sources */ = {
			isa = PBXSourcesBuildPhase;
			buildActionMask = 2147483647;
			files = (
				0BF18800232894DE005E60B6 /* magnanimoTests.swift in Sources */,
			);
			runOnlyForDeploymentPostprocessing = 0;
		};
		0BF18802232894DE005E60B6 /* Sources */ = {
			isa = PBXSourcesBuildPhase;
			buildActionMask = 2147483647;
			files = (
				0BF1880B232894DF005E60B6 /* magnanimoUITests.swift in Sources */,
			);
			runOnlyForDeploymentPostprocessing = 0;
		};
/* End PBXSourcesBuildPhase section */

/* Begin PBXTargetDependency section */
		0BF187FD232894DE005E60B6 /* PBXTargetDependency */ = {
			isa = PBXTargetDependency;
			target = 0BF187E4232894DD005E60B6 /* magnanimo */;
			targetProxy = 0BF187FC232894DE005E60B6 /* PBXContainerItemProxy */;
		};
		0BF18808232894DE005E60B6 /* PBXTargetDependency */ = {
			isa = PBXTargetDependency;
			target = 0BF187E4232894DD005E60B6 /* magnanimo */;
			targetProxy = 0BF18807232894DE005E60B6 /* PBXContainerItemProxy */;
		};
/* End PBXTargetDependency section */

/* Begin PBXVariantGroup section */
		0BF187EE232894DD005E60B6 /* Main.storyboard */ = {
			isa = PBXVariantGroup;
			children = (
				0BF187EF232894DD005E60B6 /* Base */,
			);
			name = Main.storyboard;
			sourceTree = "<group>";
		};
		0BF187F3232894DE005E60B6 /* LaunchScreen.storyboard */ = {
			isa = PBXVariantGroup;
			children = (
				0BF187F4232894DE005E60B6 /* Base */,
			);
			name = LaunchScreen.storyboard;
			sourceTree = "<group>";
		};
/* End PBXVariantGroup section */

/* Begin XCBuildConfiguration section */
		0BF1880D232894DF005E60B6 /* Debug */ = {
			isa = XCBuildConfiguration;
			buildSettings = {
				ALWAYS_SEARCH_USER_PATHS = NO;
				CLANG_ANALYZER_NONNULL = YES;
				CLANG_ANALYZER_NUMBER_OBJECT_CONVERSION = YES_AGGRESSIVE;
				CLANG_CXX_LANGUAGE_STANDARD = "gnu++14";
				CLANG_CXX_LIBRARY = "libc++";
				CLANG_ENABLE_MODULES = YES;
				CLANG_ENABLE_OBJC_ARC = YES;
				CLANG_ENABLE_OBJC_WEAK = YES;
				CLANG_WARN_BLOCK_CAPTURE_AUTORELEASING = YES;
				CLANG_WARN_BOOL_CONVERSION = YES;
				CLANG_WARN_COMMA = YES;
				CLANG_WARN_CONSTANT_CONVERSION = YES;
				CLANG_WARN_DEPRECATED_OBJC_IMPLEMENTATIONS = YES;
				CLANG_WARN_DIRECT_OBJC_ISA_USAGE = YES_ERROR;
				CLANG_WARN_DOCUMENTATION_COMMENTS = YES;
				CLANG_WARN_EMPTY_BODY = YES;
				CLANG_WARN_ENUM_CONVERSION = YES;
				CLANG_WARN_INFINITE_RECURSION = YES;
				CLANG_WARN_INT_CONVERSION = YES;
				CLANG_WARN_NON_LITERAL_NULL_CONVERSION = YES;
				CLANG_WARN_OBJC_IMPLICIT_RETAIN_SELF = YES;
				CLANG_WARN_OBJC_LITERAL_CONVERSION = YES;
				CLANG_WARN_OBJC_ROOT_CLASS = YES_ERROR;
				CLANG_WARN_RANGE_LOOP_ANALYSIS = YES;
				CLANG_WARN_STRICT_PROTOTYPES = YES;
				CLANG_WARN_SUSPICIOUS_MOVE = YES;
				CLANG_WARN_UNGUARDED_AVAILABILITY = YES_AGGRESSIVE;
				CLANG_WARN_UNREACHABLE_CODE = YES;
				CLANG_WARN__DUPLICATE_METHOD_MATCH = YES;
				CODE_SIGN_IDENTITY = "iPhone Developer";
				COPY_PHASE_STRIP = NO;
				DEBUG_INFORMATION_FORMAT = dwarf;
				ENABLE_STRICT_OBJC_MSGSEND = YES;
				ENABLE_TESTABILITY = YES;
				GCC_C_LANGUAGE_STANDARD = gnu11;
				GCC_DYNAMIC_NO_PIC = NO;
				GCC_NO_COMMON_BLOCKS = YES;
				GCC_OPTIMIZATION_LEVEL = 0;
				GCC_PREPROCESSOR_DEFINITIONS = (
					"DEBUG=1",
					"$(inherited)",
				);
				GCC_WARN_64_TO_32_BIT_CONVERSION = YES;
				GCC_WARN_ABOUT_RETURN_TYPE = YES_ERROR;
				GCC_WARN_UNDECLARED_SELECTOR = YES;
				GCC_WARN_UNINITIALIZED_AUTOS = YES_AGGRESSIVE;
				GCC_WARN_UNUSED_FUNCTION = YES;
				GCC_WARN_UNUSED_VARIABLE = YES;
				IPHONEOS_DEPLOYMENT_TARGET = 12.1;
				MTL_ENABLE_DEBUG_INFO = INCLUDE_SOURCE;
				MTL_FAST_MATH = YES;
				ONLY_ACTIVE_ARCH = YES;
				SDKROOT = iphoneos;
				SWIFT_ACTIVE_COMPILATION_CONDITIONS = DEBUG;
				SWIFT_OPTIMIZATION_LEVEL = "-Onone";
			};
			name = Debug;
		};
		0BF1880E232894DF005E60B6 /* Release */ = {
			isa = XCBuildConfiguration;
			buildSettings = {
				ALWAYS_SEARCH_USER_PATHS = NO;
				CLANG_ANALYZER_NONNULL = YES;
				CLANG_ANALYZER_NUMBER_OBJECT_CONVERSION = YES_AGGRESSIVE;
				CLANG_CXX_LANGUAGE_STANDARD = "gnu++14";
				CLANG_CXX_LIBRARY = "libc++";
				CLANG_ENABLE_MODULES = YES;
				CLANG_ENABLE_OBJC_ARC = YES;
				CLANG_ENABLE_OBJC_WEAK = YES;
				CLANG_WARN_BLOCK_CAPTURE_AUTORELEASING = YES;
				CLANG_WARN_BOOL_CONVERSION = YES;
				CLANG_WARN_COMMA = YES;
				CLANG_WARN_CONSTANT_CONVERSION = YES;
				CLANG_WARN_DEPRECATED_OBJC_IMPLEMENTATIONS = YES;
				CLANG_WARN_DIRECT_OBJC_ISA_USAGE = YES_ERROR;
				CLANG_WARN_DOCUMENTATION_COMMENTS = YES;
				CLANG_WARN_EMPTY_BODY = YES;
				CLANG_WARN_ENUM_CONVERSION = YES;
				CLANG_WARN_INFINITE_RECURSION = YES;
				CLANG_WARN_INT_CONVERSION = YES;
				CLANG_WARN_NON_LITERAL_NULL_CONVERSION = YES;
				CLANG_WARN_OBJC_IMPLICIT_RETAIN_SELF = YES;
				CLANG_WARN_OBJC_LITERAL_CONVERSION = YES;
				CLANG_WARN_OBJC_ROOT_CLASS = YES_ERROR;
				CLANG_WARN_RANGE_LOOP_ANALYSIS = YES;
				CLANG_WARN_STRICT_PROTOTYPES = YES;
				CLANG_WARN_SUSPICIOUS_MOVE = YES;
				CLANG_WARN_UNGUARDED_AVAILABILITY = YES_AGGRESSIVE;
				CLANG_WARN_UNREACHABLE_CODE = YES;
				CLANG_WARN__DUPLICATE_METHOD_MATCH = YES;
				CODE_SIGN_IDENTITY = "iPhone Developer";
				COPY_PHASE_STRIP = NO;
				DEBUG_INFORMATION_FORMAT = "dwarf-with-dsym";
				ENABLE_NS_ASSERTIONS = NO;
				ENABLE_STRICT_OBJC_MSGSEND = YES;
				GCC_C_LANGUAGE_STANDARD = gnu11;
				GCC_NO_COMMON_BLOCKS = YES;
				GCC_WARN_64_TO_32_BIT_CONVERSION = YES;
				GCC_WARN_ABOUT_RETURN_TYPE = YES_ERROR;
				GCC_WARN_UNDECLARED_SELECTOR = YES;
				GCC_WARN_UNINITIALIZED_AUTOS = YES_AGGRESSIVE;
				GCC_WARN_UNUSED_FUNCTION = YES;
				GCC_WARN_UNUSED_VARIABLE = YES;
				IPHONEOS_DEPLOYMENT_TARGET = 12.1;
				MTL_ENABLE_DEBUG_INFO = NO;
				MTL_FAST_MATH = YES;
				SDKROOT = iphoneos;
				SWIFT_COMPILATION_MODE = wholemodule;
				SWIFT_OPTIMIZATION_LEVEL = "-O";
				VALIDATE_PRODUCT = YES;
			};
			name = Release;
		};
		0BF18810232894DF005E60B6 /* Debug */ = {
			isa = XCBuildConfiguration;
			baseConfigurationReference = 6952B5939E3D103332A4DFDD /* Pods-magnanimo.debug.xcconfig */;
			buildSettings = {
				ASSETCATALOG_COMPILER_APPICON_NAME = AppIcon;
				CODE_SIGN_ENTITLEMENTS = magnanimo/magnanimo.entitlements;
				CODE_SIGN_STYLE = Automatic;
				DEVELOPMENT_TEAM = 8N7W2G99UY;
				INFOPLIST_FILE = magnanimo/Info.plist;
				LD_RUNPATH_SEARCH_PATHS = (
					"$(inherited)",
					"@executable_path/Frameworks",
				);
				OTHER_LDFLAGS = (
					"$(inherited)",
					"-framework",
					"\"Bolts\"",
					"-framework",
					"\"FBSDKCoreKit\"",
					"-framework",
					"\"FBSDKLoginKit\"",
				);
				PRODUCT_BUNDLE_IDENTIFIER = com.adisrini.magnanimo;
				PRODUCT_NAME = "$(TARGET_NAME)";
				SWIFT_VERSION = 4.2;
				TARGETED_DEVICE_FAMILY = "1,2";
			};
			name = Debug;
		};
		0BF18811232894DF005E60B6 /* Release */ = {
			isa = XCBuildConfiguration;
			baseConfigurationReference = A88ADFE7FA16DA95441847F9 /* Pods-magnanimo.release.xcconfig */;
			buildSettings = {
				ASSETCATALOG_COMPILER_APPICON_NAME = AppIcon;
				CODE_SIGN_ENTITLEMENTS = magnanimo/magnanimo.entitlements;
				CODE_SIGN_STYLE = Automatic;
				DEVELOPMENT_TEAM = 8N7W2G99UY;
				INFOPLIST_FILE = magnanimo/Info.plist;
				LD_RUNPATH_SEARCH_PATHS = (
					"$(inherited)",
					"@executable_path/Frameworks",
				);
				OTHER_LDFLAGS = (
					"$(inherited)",
					"-framework",
					"\"Bolts\"",
					"-framework",
					"\"FBSDKCoreKit\"",
					"-framework",
					"\"FBSDKLoginKit\"",
				);
				PRODUCT_BUNDLE_IDENTIFIER = com.adisrini.magnanimo;
				PRODUCT_NAME = "$(TARGET_NAME)";
				SWIFT_VERSION = 4.2;
				TARGETED_DEVICE_FAMILY = "1,2";
			};
			name = Release;
		};
		0BF18813232894DF005E60B6 /* Debug */ = {
			isa = XCBuildConfiguration;
			baseConfigurationReference = C264246496CF95EF5C52B642 /* Pods-magnanimoTests.debug.xcconfig */;
			buildSettings = {
				ALWAYS_EMBED_SWIFT_STANDARD_LIBRARIES = YES;
				BUNDLE_LOADER = "$(TEST_HOST)";
				CODE_SIGN_STYLE = Automatic;
				DEVELOPMENT_TEAM = 8N7W2G99UY;
				INFOPLIST_FILE = magnanimoTests/Info.plist;
				LD_RUNPATH_SEARCH_PATHS = (
					"$(inherited)",
					"@executable_path/Frameworks",
					"@loader_path/Frameworks",
				);
				PRODUCT_BUNDLE_IDENTIFIER = com.adisrini.magnanimoTests;
				PRODUCT_NAME = "$(TARGET_NAME)";
				SWIFT_VERSION = 4.2;
				TARGETED_DEVICE_FAMILY = "1,2";
				TEST_HOST = "$(BUILT_PRODUCTS_DIR)/magnanimo.app/magnanimo";
			};
			name = Debug;
		};
		0BF18814232894DF005E60B6 /* Release */ = {
			isa = XCBuildConfiguration;
			baseConfigurationReference = 8B18BA8933A829F42AEF4007 /* Pods-magnanimoTests.release.xcconfig */;
			buildSettings = {
				ALWAYS_EMBED_SWIFT_STANDARD_LIBRARIES = YES;
				BUNDLE_LOADER = "$(TEST_HOST)";
				CODE_SIGN_STYLE = Automatic;
				DEVELOPMENT_TEAM = 8N7W2G99UY;
				INFOPLIST_FILE = magnanimoTests/Info.plist;
				LD_RUNPATH_SEARCH_PATHS = (
					"$(inherited)",
					"@executable_path/Frameworks",
					"@loader_path/Frameworks",
				);
				PRODUCT_BUNDLE_IDENTIFIER = com.adisrini.magnanimoTests;
				PRODUCT_NAME = "$(TARGET_NAME)";
				SWIFT_VERSION = 4.2;
				TARGETED_DEVICE_FAMILY = "1,2";
				TEST_HOST = "$(BUILT_PRODUCTS_DIR)/magnanimo.app/magnanimo";
			};
			name = Release;
		};
		0BF18816232894DF005E60B6 /* Debug */ = {
			isa = XCBuildConfiguration;
			baseConfigurationReference = 08604FD3EEF787538BA6FCAA /* Pods-magnanimoUITests.debug.xcconfig */;
			buildSettings = {
				ALWAYS_EMBED_SWIFT_STANDARD_LIBRARIES = YES;
				CODE_SIGN_STYLE = Automatic;
				DEVELOPMENT_TEAM = 8N7W2G99UY;
				INFOPLIST_FILE = magnanimoUITests/Info.plist;
				LD_RUNPATH_SEARCH_PATHS = (
					"$(inherited)",
					"@executable_path/Frameworks",
					"@loader_path/Frameworks",
				);
				PRODUCT_BUNDLE_IDENTIFIER = com.adisrini.magnanimoUITests;
				PRODUCT_NAME = "$(TARGET_NAME)";
				SWIFT_VERSION = 4.2;
				TARGETED_DEVICE_FAMILY = "1,2";
				TEST_TARGET_NAME = magnanimo;
			};
			name = Debug;
		};
		0BF18817232894DF005E60B6 /* Release */ = {
			isa = XCBuildConfiguration;
			baseConfigurationReference = D8010229CB1D030F598B7282 /* Pods-magnanimoUITests.release.xcconfig */;
			buildSettings = {
				ALWAYS_EMBED_SWIFT_STANDARD_LIBRARIES = YES;
				CODE_SIGN_STYLE = Automatic;
				DEVELOPMENT_TEAM = 8N7W2G99UY;
				INFOPLIST_FILE = magnanimoUITests/Info.plist;
				LD_RUNPATH_SEARCH_PATHS = (
					"$(inherited)",
					"@executable_path/Frameworks",
					"@loader_path/Frameworks",
				);
				PRODUCT_BUNDLE_IDENTIFIER = com.adisrini.magnanimoUITests;
				PRODUCT_NAME = "$(TARGET_NAME)";
				SWIFT_VERSION = 4.2;
				TARGETED_DEVICE_FAMILY = "1,2";
				TEST_TARGET_NAME = magnanimo;
			};
			name = Release;
		};
/* End XCBuildConfiguration section */

/* Begin XCConfigurationList section */
		0BF187E0232894DD005E60B6 /* Build configuration list for PBXProject "magnanimo" */ = {
			isa = XCConfigurationList;
			buildConfigurations = (
				0BF1880D232894DF005E60B6 /* Debug */,
				0BF1880E232894DF005E60B6 /* Release */,
			);
			defaultConfigurationIsVisible = 0;
			defaultConfigurationName = Release;
		};
		0BF1880F232894DF005E60B6 /* Build configuration list for PBXNativeTarget "magnanimo" */ = {
			isa = XCConfigurationList;
			buildConfigurations = (
				0BF18810232894DF005E60B6 /* Debug */,
				0BF18811232894DF005E60B6 /* Release */,
			);
			defaultConfigurationIsVisible = 0;
			defaultConfigurationName = Release;
		};
		0BF18812232894DF005E60B6 /* Build configuration list for PBXNativeTarget "magnanimoTests" */ = {
			isa = XCConfigurationList;
			buildConfigurations = (
				0BF18813232894DF005E60B6 /* Debug */,
				0BF18814232894DF005E60B6 /* Release */,
			);
			defaultConfigurationIsVisible = 0;
			defaultConfigurationName = Release;
		};
		0BF18815232894DF005E60B6 /* Build configuration list for PBXNativeTarget "magnanimoUITests" */ = {
			isa = XCConfigurationList;
			buildConfigurations = (
				0BF18816232894DF005E60B6 /* Debug */,
				0BF18817232894DF005E60B6 /* Release */,
			);
			defaultConfigurationIsVisible = 0;
			defaultConfigurationName = Release;
		};
/* End XCConfigurationList section */
	};
	rootObject = 0BF187DD232894DD005E60B6 /* Project object */;
}
